
Microsoft Visual Studio Solution File, Format Version 12.00
# Visual Studio Version 16
VisualStudioVersion = 16.0.30907.101
MinimumVisualStudioVersion = 10.0.40219.1
Project("{9A19103F-16F7-4668-BE54-9A1E7A4F7556}") = "MangaLWebAPI", "MangaLWebAPI\MangaLWebAPI.csproj", "{8D19C0D1-2041-446C-A146-DD97FADD0628}"
EndProject
Project("{9A19103F-16F7-4668-BE54-9A1E7A4F7556}") = "Core", "Core\Core.csproj", "{0F705064-44FA-4D12-806C-92E2DA3EC1EE}"
EndProject
Project("{9A19103F-16F7-4668-BE54-9A1E7A4F7556}") = "Infrastructure", "Infrastructure\Infrastructure.csproj", "{AA2FB3B8-2B16-49C8-83DC-479F90F671B7}"
EndProject
Project("{9A19103F-16F7-4668-BE54-9A1E7A4F7556}") = "DataAccess", "DataAccess\DataAccess.csproj", "{3BA639DA-4EC7-4166-B598-ECBAD753701D}"
EndProject
Global
	GlobalSection(SolutionConfigurationPlatforms) = preSolution
		Debug|Any CPU = Debug|Any CPU
		Release|Any CPU = Release|Any CPU
	EndGlobalSection
	GlobalSection(ProjectConfigurationPlatforms) = postSolution
		{8D19C0D1-2041-446C-A146-DD97FADD0628}.Debug|Any CPU.ActiveCfg = Debug|Any CPU
		{8D19C0D1-2041-446C-A146-DD97FADD0628}.Debug|Any CPU.Build.0 = Debug|Any CPU
		{8D19C0D1-2041-446C-A146-DD97FADD0628}.Release|Any CPU.ActiveCfg = Release|Any CPU
		{8D19C0D1-2041-446C-A146-DD97FADD0628}.Release|Any CPU.Build.0 = Release|Any CPU
		{0F705064-44FA-4D12-806C-92E2DA3EC1EE}.Debug|Any CPU.ActiveCfg = Debug|Any CPU
		{0F705064-44FA-4D12-806C-92E2DA3EC1EE}.Debug|Any CPU.Build.0 = Debug|Any CPU
		{0F705064-44FA-4D12-806C-92E2DA3EC1EE}.Release|Any CPU.ActiveCfg = Release|Any CPU
		{0F705064-44FA-4D12-806C-92E2DA3EC1EE}.Release|Any CPU.Build.0 = Release|Any CPU
		{AA2FB3B8-2B16-49C8-83DC-479F90F671B7}.Debug|Any CPU.ActiveCfg = Debug|Any CPU
		{AA2FB3B8-2B16-49C8-83DC-479F90F671B7}.Debug|Any CPU.Build.0 = Debug|Any CPU
		{AA2FB3B8-2B16-49C8-83DC-479F90F671B7}.Release|Any CPU.ActiveCfg = Release|Any CPU
		{AA2FB3B8-2B16-49C8-83DC-479F90F671B7}.Release|Any CPU.Build.0 = Release|Any CPU
		{3BA639DA-4EC7-4166-B598-ECBAD753701D}.Debug|Any CPU.ActiveCfg = Debug|Any CPU
		{3BA639DA-4EC7-4166-B598-ECBAD753701D}.Debug|Any CPU.Build.0 = Debug|Any CPU
		{3BA639DA-4EC7-4166-B598-ECBAD753701D}.Release|Any CPU.ActiveCfg = Release|Any CPU
		{3BA639DA-4EC7-4166-B598-ECBAD753701D}.Release|Any CPU.Build.0 = Release|Any CPU
	EndGlobalSection
	GlobalSection(SolutionProperties) = preSolution
		HideSolutionNode = FALSE
	EndGlobalSection
	GlobalSection(ExtensibilityGlobals) = postSolution
		SolutionGuid = {3FA45C62-E569-4FE8-B4CE-A5020C813538}
	EndGlobalSection
EndGlobal
